
Microsoft Visual Studio Solution File, Format Version 12.00
# Visual Studio 15
VisualStudioVersion = 15.0.28307.572
MinimumVisualStudioVersion = 10.0.40219.1
Project("{FAE04EC0-301F-11D3-BF4B-00C04F79EFBC}") = "Security_Lab3", "Security_Lab3\Security_Lab3.csproj", "{5496B5C5-390F-4C92-977E-1BF4CE231F75}"
EndProject
Project("{FAE04EC0-301F-11D3-BF4B-00C04F79EFBC}") = "RC5Tests", "RC5Tests\RC5Tests.csproj", "{01D4B3EC-C150-47B8-9933-4CFB7CDB615C}"
EndProject
Global
	GlobalSection(SolutionConfigurationPlatforms) = preSolution
		Debug|Any CPU = Debug|Any CPU
		Release|Any CPU = Release|Any CPU
	EndGlobalSection
	GlobalSection(ProjectConfigurationPlatforms) = postSolution
		{5496B5C5-390F-4C92-977E-1BF4CE231F75}.Debug|Any CPU.ActiveCfg = Debug|Any CPU
		{5496B5C5-390F-4C92-977E-1BF4CE231F75}.Debug|Any CPU.Build.0 = Debug|Any CPU
		{5496B5C5-390F-4C92-977E-1BF4CE231F75}.Release|Any CPU.ActiveCfg = Release|Any CPU
		{5496B5C5-390F-4C92-977E-1BF4CE231F75}.Release|Any CPU.Build.0 = Release|Any CPU
		{01D4B3EC-C150-47B8-9933-4CFB7CDB615C}.Debug|Any CPU.ActiveCfg = Debug|Any CPU
		{01D4B3EC-C150-47B8-9933-4CFB7CDB615C}.Debug|Any CPU.Build.0 = Debug|Any CPU
		{01D4B3EC-C150-47B8-9933-4CFB7CDB615C}.Release|Any CPU.ActiveCfg = Release|Any CPU
		{01D4B3EC-C150-47B8-9933-4CFB7CDB615C}.Release|Any CPU.Build.0 = Release|Any CPU
	EndGlobalSection
	GlobalSection(SolutionProperties) = preSolution
		HideSolutionNode = FALSE
	EndGlobalSection
	GlobalSection(ExtensibilityGlobals) = postSolution
		SolutionGuid = {C414C666-5C32-4CFE-AB26-8A888629D315}
	EndGlobalSection
EndGlobal
